github.com/lcylpzls/cryptox v0.6.7 h1:3RXdMYR/Y9ywpqIvORPhIYR4feRmwaWLTIKRtqmVLJk=
github.com/lcylpzls/cryptox v0.6.7/go.mod h1:jrPfFYZayY/J1QYtUjWbER9LAMkZKvH7Z6RrtqMXIU8=
github.com/lcylpzls/errx v1.5.4 h1:xEQRgYJEF7bArQqRe70yHDk+W17OcXSVo8g+knSGr70=
github.com/lcylpzls/errx v1.5.4/go.mod h1:Eo26wXcmV2hdMB1CJvhFc4zLZr4aNutlvakzwTzwncM=
github.com/lcylpzls/idgenx v1.4.0 h1:FQbnf9S4huiQKDPNKaAZ4GjYW1qmaDwGY8pWyxvZjnI=
github.com/lcylpzls/idgenx v1.4.0/go.mod h1:DjNPtUski0iAMrF9yvMw51kGaGk3WH/h/RHeJNtqq3E=
github.com/lcylpzls/logx v1.3.0 h1:8PMkVJKu6ZvMFOmvOeeoiCsBmkQrdP5nTk5FQ7g4tK8=
github.com/lcylpzls/logx v1.3.0/go.mod h1:eX8QMpxjv2igvhDPeHyCaFOp1wfNTpJVTmAQbn9naoE=
github.com/lcylpzls/testx v1.2.3 h1:oDhHMQU8j+Y44VOPiXLcwgGcDCICe2mCQRwW8qwKUb4=
github.com/lcylpzls/testx v1.2.3/go.mod h1:Rd8MiIpLu+x1b/PcXv8iUYF4xqkdiiXOF9dF4Pr3rv4=
github.com/lcylpzls/validx v1.2.2 h1:q6ZxN1qdTSaFfGTGoyCi33sluWfwCLDx3hd5xpmidp0=
github.com/lcylpzls/validx v1.2.2/go.mod h1:HAy1xjuJRfjp1T+7c7aX6BYBrsiDSuQbvgDTOjwAug8=
golang.org/x/crypto v0.54.0 h1:YLIA59K4fiNzHzjnZt2tUJQjQtUWfWbeHBqKtk3eScw=
golang.org/x/crypto v0.54.0/go.mod h1:KWL8ny2AZdGR2cWmzeHrp2azQPGogOv+HeQaVEXC2dk=
golang.org/x/sys v0.47.0 h1:o7XGOvZQCADBQQ4Y7VNq2dRWQR7JmOUW8Kxx4ZsNgWs=
golang.org/x/sys v0.47.0/go.mod h1:4GL1E5IUh+htKOUEOaiffhrAeqysfVGipDYzABqnCmw=
